
Microsoft Visual Studio Solution File, Format Version 12.00
# Visual Studio Version 16
VisualStudioVersion = 16.0.28803.452
MinimumVisualStudioVersion = 10.0.40219.1
Project("{8BC9CEB8-8B4A-11D0-8D11-00A0C91BC942}") = "textedit", "textedit\textedit.vcxproj", "{8050199F-C0E4-3B66-9ADE-27D895BF12F1}"
EndProject
Project("{8BC9CEB8-8B4A-11D0-8D11-00A0C91BC942}") = "textserver", "textserver\textserver.vcxproj", "{6B889879-7442-35A3-BC6E-18244C23B9F0}"
EndProject
Global
	GlobalSection(SolutionConfigurationPlatforms) = preSolution
		Debug|x64 = Debug|x64
		Debug|x86 = Debug|x86
		Release|x64 = Release|x64
		Release|x86 = Release|x86
	EndGlobalSection
	GlobalSection(ProjectConfigurationPlatforms) = postSolution
		{8050199F-C0E4-3B66-9ADE-27D895BF12F1}.Debug|x64.ActiveCfg = Debug|x64
		{8050199F-C0E4-3B66-9ADE-27D895BF12F1}.Debug|x64.Build.0 = Debug|x64
		{8050199F-C0E4-3B66-9ADE-27D895BF12F1}.Debug|x86.ActiveCfg = Debug|x64
		{8050199F-C0E4-3B66-9ADE-27D895BF12F1}.Release|x64.ActiveCfg = Release|x64
		{8050199F-C0E4-3B66-9ADE-27D895BF12F1}.Release|x64.Build.0 = Release|x64
		{8050199F-C0E4-3B66-9ADE-27D895BF12F1}.Release|x86.ActiveCfg = Release|x64
		{6B889879-7442-35A3-BC6E-18244C23B9F0}.Debug|x64.ActiveCfg = Debug|x64
		{6B889879-7442-35A3-BC6E-18244C23B9F0}.Debug|x64.Build.0 = Debug|x64
		{6B889879-7442-35A3-BC6E-18244C23B9F0}.Debug|x86.ActiveCfg = Debug|x64
		{6B889879-7442-35A3-BC6E-18244C23B9F0}.Release|x64.ActiveCfg = Release|x64
		{6B889879-7442-35A3-BC6E-18244C23B9F0}.Release|x64.Build.0 = Release|x64
		{6B889879-7442-35A3-BC6E-18244C23B9F0}.Release|x86.ActiveCfg = Release|x64
	EndGlobalSection
	GlobalSection(SolutionProperties) = preSolution
		HideSolutionNode = FALSE
	EndGlobalSection
	GlobalSection(ExtensibilityGlobals) = postSolution
		SolutionGuid = {88563FAD-2E43-4B81-915C-916B68A813AB}
	EndGlobalSection
EndGlobal
