<?xml version="1.0" encoding="utf-8"?>
<Project xmlns="http://schemas.microsoft.com/developer/msbuild/2003">
  <ItemGroup>
    <Filter Include="Form Files">
      <UniqueIdentifier>{99349809-55BA-4b9d-BF79-8FDBB0286EB3}</UniqueIdentifier>
      <Extensions>ui</Extensions>
      <ParseFiles>false</ParseFiles>
    </Filter>
    <Filter Include="Form Files">
      <UniqueIdentifier>{99349809-55BA-4b9d-BF79-8FDBB0286EB3}</UniqueIdentifier>
      <Extensions>ui</Extensions>
      <ParseFiles>false</ParseFiles>
    </Filter>
    <Filter Include="Generated Files">
      <UniqueIdentifier>{71ED8ED8-ACB9-4CE9-BBE1-E00B30144E11}</UniqueIdentifier>
      <Extensions>cpp;c;cxx;moc;h;def;odl;idl;res;</Extensions>
    </Filter>
    <Filter Include="Generated Files">
      <UniqueIdentifier>{71ED8ED8-ACB9-4CE9-BBE1-E00B30144E11}</UniqueIdentifier>
      <Extensions>cpp;c;cxx;moc;h;def;odl;idl;res;</Extensions>
    </Filter>
    <Filter Include="Header Files">
      <UniqueIdentifier>{93995380-89BD-4b04-88EB-625FBE52EBFB}</UniqueIdentifier>
      <Extensions>h;hpp;hxx;hm;inl;inc;xsd</Extensions>
    </Filter>
    <Filter Include="Header Files">
      <UniqueIdentifier>{93995380-89BD-4b04-88EB-625FBE52EBFB}</UniqueIdentifier>
      <Extensions>h;hpp;hxx;hm;inl;inc;xsd</Extensions>
    </Filter>
    <Filter Include="Resource Files">
      <UniqueIdentifier>{D9D6E242-F8AF-46E4-B9FD-80ECBC20BA3E}</UniqueIdentifier>
      <Extensions>qrc;*</Extensions>
      <ParseFiles>false</ParseFiles>
    </Filter>
    <Filter Include="Resource Files">
      <UniqueIdentifier>{D9D6E242-F8AF-46E4-B9FD-80ECBC20BA3E}</UniqueIdentifier>
      <Extensions>qrc;*</Extensions>
      <ParseFiles>false</ParseFiles>
    </Filter>
    <Filter Include="Source Files">
      <UniqueIdentifier>{4FC737F1-C7A5-4376-A066-2A32D752A2FF}</UniqueIdentifier>
      <Extensions>cpp;c;cxx;def;odl;idl;hpj;bat;asm;asmx</Extensions>
    </Filter>
    <Filter Include="Source Files">
      <UniqueIdentifier>{4FC737F1-C7A5-4376-A066-2A32D752A2FF}</UniqueIdentifier>
      <Extensions>cpp;c;cxx;def;odl;idl;hpj;bat;asm;asmx</Extensions>
    </Filter>
  </ItemGroup>
  <ItemGroup>
    <ClCompile Include="Client.cpp">
      <Filter>Source Files</Filter>
    </ClCompile>
    <ClCompile Include="LandingPage.cpp">
      <Filter>Source Files</Filter>
    </ClCompile>
    <ClCompile Include="NewFileWindow.cpp">
      <Filter>Source Files</Filter>
    </ClCompile>
    <ClCompile Include="OpenUriWindow.cpp">
      <Filter>Source Files</Filter>
    </ClCompile>
    <ClCompile Include="ProfileEditWindow.cpp">
      <Filter>Source Files</Filter>
    </ClCompile>
    <ClCompile Include="main.cpp">
      <Filter>Source Files</Filter>
    </ClCompile>
    <ClCompile Include="textedit.cpp">
      <Filter>Source Files</Filter>
    </ClCompile>
  </ItemGroup>
  <ItemGroup>
    <QtMoc Include="Client.h">
      <Filter>Header Files</Filter>
    </QtMoc>
    <QtMoc Include="LandingPage.h">
      <Filter>Header Files</Filter>
    </QtMoc>
    <QtMoc Include="NewFileWindow.h">
      <Filter>Header Files</Filter>
    </QtMoc>
    <QtMoc Include="OpenUriWindow.h">
      <Filter>Header Files</Filter>
    </QtMoc>
    <QtMoc Include="ProfileEditWindow.h">
      <Filter>Header Files</Filter>
    </QtMoc>
    <QtMoc Include="textedit.h">
      <Filter>Header Files</Filter>
    </QtMoc>
  </ItemGroup>
  <ItemGroup>
    
    
    
    
    
    
    
    
    
    
    <CustomBuild Include="debug\moc_predefs.h.cbt">
      <Filter>Generated Files</Filter>
    </CustomBuild>
    <CustomBuild Include="release\moc_predefs.h.cbt">
      <Filter>Generated Files</Filter>
    </CustomBuild>
    
    
    
    
    <ClInclude Include="ui_landingpage.h">
      <Filter>Generated Files</Filter>
    </ClInclude>
    <ClInclude Include="ui_newfilewindow.h">
      <Filter>Generated Files</Filter>
    </ClInclude>
    <ClInclude Include="ui_openuriwindow.h">
      <Filter>Generated Files</Filter>
    </ClInclude>
    <ClInclude Include="ui_profileeditwindow.h">
      <Filter>Generated Files</Filter>
    </ClInclude>
  </ItemGroup>
  <ItemGroup>
    <QtUic Include="landingpage.ui">
      <Filter>Form Files</Filter>
    </QtUic>
    <QtUic Include="newfilewindow.ui">
      <Filter>Form Files</Filter>
    </QtUic>
    <QtUic Include="openuriwindow.ui">
      <Filter>Form Files</Filter>
    </QtUic>
    <QtUic Include="profileeditwindow.ui">
      <Filter>Form Files</Filter>
    </QtUic>
  </ItemGroup>
  <ItemGroup>
    <None Include="images\win\LandingPage\backarrow.png">
      <Filter>Resource Files</Filter>
    </None>
    <None Include="images\win\LandingPage\defaultProfile.png">
      <Filter>Resource Files</Filter>
    </None>
    <None Include="images\win\editcopy.png">
      <Filter>Resource Files</Filter>
    </None>
    <None Include="images\win\editcut.png">
      <Filter>Resource Files</Filter>
    </None>
    <None Include="images\win\editpaste.png">
      <Filter>Resource Files</Filter>
    </None>
    <None Include="images\win\editredo.png">
      <Filter>Resource Files</Filter>
    </None>
    <None Include="images\win\editundo.png">
      <Filter>Resource Files</Filter>
    </None>
    <None Include="images\win\exportpdf.png">
      <Filter>Resource Files</Filter>
    </None>
    <None Include="images\win\filenew.png">
      <Filter>Resource Files</Filter>
    </None>
    <None Include="images\win\fileopen.png">
      <Filter>Resource Files</Filter>
    </None>
    <None Include="images\win\fileprint.png">
      <Filter>Resource Files</Filter>
    </None>
    <None Include="images\win\filesave.png">
      <Filter>Resource Files</Filter>
    </None>
    <None Include="images\win\gif\loading.gif">
      <Filter>Resource Files</Filter>
    </None>
    <None Include="images\logo.png">
      <Filter>Resource Files</Filter>
    </None>
    <None Include="images\win\LandingPage\new.png">
      <Filter>Resource Files</Filter>
    </None>
    <None Include="images\win\LandingPage\openuri.png">
      <Filter>Resource Files</Filter>
    </None>
    <None Include="images\win\LandingPage\richtext.png">
      <Filter>Resource Files</Filter>
    </None>
    <None Include="images\win\share.png">
      <Filter>Resource Files</Filter>
    </None>
    <None Include="images\win\textbold.png">
      <Filter>Resource Files</Filter>
    </None>
    <None Include="images\win\textcenter.png">
      <Filter>Resource Files</Filter>
    </None>
    <None Include="images\win\textcolor.png">
      <Filter>Resource Files</Filter>
    </None>
    <QtRcc Include="textedit.qrc">
      <Filter>Resource Files</Filter>
    </QtRcc>
    <None Include="images\win\LandingPage\textfile.png">
      <Filter>Resource Files</Filter>
    </None>
    <None Include="images\win\textitalic.png">
      <Filter>Resource Files</Filter>
    </None>
    <None Include="images\win\textjustify.png">
      <Filter>Resource Files</Filter>
    </None>
    <None Include="images\win\textleft.png">
      <Filter>Resource Files</Filter>
    </None>
    <None Include="images\win\textright.png">
      <Filter>Resource Files</Filter>
    </None>
    <None Include="images\win\textunder.png">
      <Filter>Resource Files</Filter>
    </None>
    <None Include="images\win\user.png">
      <Filter>Resource Files</Filter>
    </None>
    <None Include="images\win\zoomin.png">
      <Filter>Resource Files</Filter>
    </None>
    <None Include="images\win\zoomout.png">
      <Filter>Resource Files</Filter>
    </None>
  </ItemGroup>
</Project>